{
  "nodes": {
    "home-manager": {
      "inputs": {
        "nixpkgs": [
          "nixpkgs"
        ]
      },
      "locked": {
        "lastModified": 1740699498,
        "narHash": "sha256-r9hkKzX99CGiP1ZqH0e+SWKK4CMsRNRLyotuwrUjhTI=",
        "owner": "nix-community",
        "repo": "home-manager",
        "rev": "b71edac7a3167026aabea82a54d08b1794088c21",
        "type": "github"
      },
      "original": {
        "owner": "nix-community",
        "repo": "home-manager",
        "type": "github"
      }
    },
    "nix-darwin": {
      "inputs": {
        "nixpkgs": [
          "nixpkgs-darwin"
        ]
      },
      "locked": {
        "lastModified": 1741229100,
        "narHash": "sha256-0HwrTDXp9buEwal/1ymK9uQmzUD5ozIA7CJGqnT/gLs=",
        "owner": "lnl7",
        "repo": "nix-darwin",
        "rev": "adf5c88ba1fe21af5c083b4d655004431f20c5ab",
        "type": "github"
      },
      "original": {
        "owner": "lnl7",
        "repo": "nix-darwin",
        "type": "github"
      }
    },
    "nixpkgs": {
      "locked": {
        "lastModified": 1739214665,
        "narHash": "sha256-26L8VAu3/1YRxS8MHgBOyOM8xALdo6N0I04PgorE7UM=",
        "owner": "nixos",
        "repo": "nixpkgs",
        "rev": "64e75cd44acf21c7933d61d7721e812eac1b5a0a",
        "type": "github"
      },
      "original": {
        "owner": "nixos",
        "ref": "nixos-unstable",
        "repo": "nixpkgs",
        "type": "github"
      }
    },
    "nixpkgs-darwin": {
      "locked": {
        "lastModified": 1741310760,
        "narHash": "sha256-aizILFrPgq/W53Jw8i0a1h1GZAAKtlYOrG/A5r46gVM=",
        "owner": "nixos",
        "repo": "nixpkgs",
        "rev": "de0fe301211c267807afd11b12613f5511ff7433",
        "type": "github"
      },
      "original": {
        "owner": "nixos",
        "ref": "nixpkgs-unstable",
        "repo": "nixpkgs",
        "type": "github"
      }
    },
    "root": {
      "inputs": {
        "home-manager": "home-manager",
        "nix-darwin": "nix-darwin",
        "nixpkgs": "nixpkgs",
        "nixpkgs-darwin": "nixpkgs-darwin"
      }
    }
  },
  "root": "root",
  "version": 7
}
